
Microsoft Visual Studio Solution File, Format Version 11.00
# Visual Studio 2010
Project("{FAE04EC0-301F-11D3-BF4B-00C04F79EFBC}") = "CitiesAtlas", "CitiesAtlas\CitiesAtlas.csproj", "{FEAC5284-230B-4D3E-899B-DB30FB4311BC}"
EndProject
Global
	GlobalSection(SolutionConfigurationPlatforms) = preSolution
		Debug|Any CPU = Debug|Any CPU
		Release|Any CPU = Release|Any CPU
	EndGlobalSection
	GlobalSection(ProjectConfigurationPlatforms) = postSolution
		{FEAC5284-230B-4D3E-899B-DB30FB4311BC}.Debug|Any CPU.ActiveCfg = Debug|Any CPU
		{FEAC5284-230B-4D3E-899B-DB30FB4311BC}.Debug|Any CPU.Build.0 = Debug|Any CPU
		{FEAC5284-230B-4D3E-899B-DB30FB4311BC}.Release|Any CPU.ActiveCfg = Release|Any CPU
		{FEAC5284-230B-4D3E-899B-DB30FB4311BC}.Release|Any CPU.Build.0 = Release|Any CPU
	EndGlobalSection
	GlobalSection(MonoDevelopProperties) = preSolution
		StartupItem = CitiesAtlas\CitiesAtlas.csproj
	EndGlobalSection
EndGlobal
